# THIS IS AN AUTOGENERATED FILE. DO NOT EDIT THIS FILE DIRECTLY.
# yarn lockfile v1
# Sample yarn.lock for go-threat-scanner learning exercises


"@malicious/crypto-stealer@^1.0.0":
  version "1.0.0"
  resolved "https://registry.yarnpkg.com/@malicious/crypto-stealer/-/crypto-stealer-1.0.0.tgz#fake123"
  integrity sha512-FAKE-malicious-stealer-hash

event-stream@^3.3.6:
  version "3.3.6"
  resolved "https://registry.yarnpkg.com/event-stream/-/event-stream-3.3.6.tgz#compromised"
  integrity sha512-MALICIOUS-compromised-version
  dependencies:
    flatmap-stream "^0.1.1"

express@^4.18.2:
  version "4.18.2"
  resolved "https://registry.yarnpkg.com/express/-/express-4.18.2.tgz#abc123"
  integrity sha512-5/PsL6iGPdfQ/lKM1UuielYgv3BUoJfz1aUwU9vHZ+J7gyvwdQXFEBIEIaxeGf0GIcreATNyBExtalisDbuMqQ==

flatmap-stream@^0.1.1:
  version "0.1.1"
  resolved "https://registry.yarnpkg.com/flatmap-stream/-/flatmap-stream-0.1.1.tgz#malware"
  integrity sha512-FAKE123badhash456-actual-malware-payload

lodash@^4.17.21:
  version "4.17.21"
  resolved "https://registry.yarnpkg.com/lodash/-/lodash-4.17.21.tgz#abc123"
  integrity sha512-v2kDEe57lecTulaDIuNTPy3Ry4gLGJ6Z1O3vE1krgXZNrsQ+LFTGHVxVjcXPs17LhbZVGedAJv8XZ1tvj5FvSg==

typosquat-lodash@^1.0.0:
  version "1.0.0"
  resolved "https://registry.yarnpkg.com/typosquat-lodash/-/typosquat-lodash-1.0.0.tgz#evil"
  integrity sha512-FAKE-typosquat-hash
